// !$*UTF8*$!
{
	archiveVersion = 1;
	classes = {
	};
	objectVersion = 77;
	objects = {

/* Begin PBXBuildFile section */
		4B67500E2FD7A68800FC2A28 /* Alamofire in Frameworks */ = {isa = PBXBuildFile; productRef = 4B67500D2FD7A68800FC2A28 /* Alamofire */; };
		4B67502C2FD880FA00FC2A28 /* GameShelfCore in Frameworks */ = {isa = PBXBuildFile; productRef = 4B67502B2FD880FA00FC2A28 /* GameShelfCore */; };
		4B67502F2FD8810C00FC2A28 /* GameShelfData in Frameworks */ = {isa = PBXBuildFile; productRef = 4B67502E2FD8810C00FC2A28 /* GameShelfData */; };
		4B6750322FD8812600FC2A28 /* GameShelfHomeFeature in Frameworks */ = {isa = PBXBuildFile; productRef = 4B6750312FD8812600FC2A28 /* GameShelfHomeFeature */; };
		4B6750352FD8813700FC2A28 /* GameShelfDetailFeature in Frameworks */ = {isa = PBXBuildFile; productRef = 4B6750342FD8813700FC2A28 /* GameShelfDetailFeature */; };
		4B6750382FD8814800FC2A28 /* GameShelfFavoriteFeature in Frameworks */ = {isa = PBXBuildFile; productRef = 4B6750372FD8814800FC2A28 /* GameShelfFavoriteFeature */; };
		4B67503B2FD8815F00FC2A28 /* GameShelfAboutFeature in Frameworks */ = {isa = PBXBuildFile; productRef = 4B67503A2FD8815F00FC2A28 /* GameShelfAboutFeature */; };
		4B6750412FD8FBDC00FC2A28 /* GameShelfCommon in Frameworks */ = {isa = PBXBuildFile; productRef = 4B6750402FD8FBDC00FC2A28 /* GameShelfCommon */; };
		4B67505E2FD9012200FC2A28 /* GameShelfCommon in Frameworks */ = {isa = PBXBuildFile; productRef = 4B67505D2FD9012200FC2A28 /* GameShelfCommon */; };
/* End PBXBuildFile section */

/* Begin PBXContainerItemProxy section */
		4B674F5F2FD7103700FC2A28 /* PBXContainerItemProxy */ = {
			isa = PBXContainerItemProxy;
			containerPortal = 4B674F442FD7103600FC2A28 /* Project object */;
			proxyType = 1;
			remoteGlobalIDString = 4B674F4B2FD7103600FC2A28;
			remoteInfo = GameShelfSwiftUi;
		};
		4B674F692FD7103700FC2A28 /* PBXContainerItemProxy */ = {
			isa = PBXContainerItemProxy;
			containerPortal = 4B674F442FD7103600FC2A28 /* Project object */;
			proxyType = 1;
			remoteGlobalIDString = 4B674F4B2FD7103600FC2A28;
			remoteInfo = GameShelfSwiftUi;
		};
/* End PBXContainerItemProxy section */

/* Begin PBXFileReference section */
		4B674F4C2FD7103600FC2A28 /* GameShelfSwiftUi.app */ = {isa = PBXFileReference; explicitFileType = wrapper.application; includeInIndex = 0; path = GameShelfSwiftUi.app; sourceTree = BUILT_PRODUCTS_DIR; };
		4B674F5E2FD7103700FC2A28 /* GameShelfSwiftUiTests.xctest */ = {isa = PBXFileReference; explicitFileType = wrapper.cfbundle; includeInIndex = 0; path = GameShelfSwiftUiTests.xctest; sourceTree = BUILT_PRODUCTS_DIR; };
		4B674F682FD7103700FC2A28 /* GameShelfSwiftUiUITests.xctest */ = {isa = PBXFileReference; explicitFileType = wrapper.cfbundle; includeInIndex = 0; path = GameShelfSwiftUiUITests.xctest; sourceTree = BUILT_PRODUCTS_DIR; };
/* End PBXFileReference section */

/* Begin PBXFileSystemSynchronizedRootGroup section */
		4B674F4E2FD7103600FC2A28 /* GameShelfSwiftUi */ = {
			isa = PBXFileSystemSynchronizedRootGroup;
			path = GameShelfSwiftUi;
			sourceTree = "<group>";
		};
		4B674F612FD7103700FC2A28 /* GameShelfSwiftUiTests */ = {
			isa = PBXFileSystemSynchronizedRootGroup;
			path = GameShelfSwiftUiTests;
			sourceTree = "<group>";
		};
		4B674F6B2FD7103700FC2A28 /* GameShelfSwiftUiUITests */ = {
			isa = PBXFileSystemSynchronizedRootGroup;
			path = GameShelfSwiftUiUITests;
			sourceTree = "<group>";
		};
/* End PBXFileSystemSynchronizedRootGroup section */

/* Begin PBXFrameworksBuildPhase section */
		4B674F492FD7103600FC2A28 /* Frameworks */ = {
			isa = PBXFrameworksBuildPhase;
			buildActionMask = 2147483647;
			files = (
				4B67503B2FD8815F00FC2A28 /* GameShelfAboutFeature in Frameworks */,
				4B6750382FD8814800FC2A28 /* GameShelfFavoriteFeature in Frameworks */,
				4B6750352FD8813700FC2A28 /* GameShelfDetailFeature in Frameworks */,
				4B6750322FD8812600FC2A28 /* GameShelfHomeFeature in Frameworks */,
				4B6750412FD8FBDC00FC2A28 /* GameShelfCommon in Frameworks */,
				4B67502C2FD880FA00FC2A28 /* GameShelfCore in Frameworks */,
				4B67500E2FD7A68800FC2A28 /* Alamofire in Frameworks */,
				4B67505E2FD9012200FC2A28 /* GameShelfCommon in Frameworks */,
				4B67502F2FD8810C00FC2A28 /* GameShelfData in Frameworks */,
			);
			runOnlyForDeploymentPostprocessing = 0;
		};
		4B674F5B2FD7103700FC2A28 /* Frameworks */ = {
			isa = PBXFrameworksBuildPhase;
			buildActionMask = 2147483647;
			files = (
			);
			runOnlyForDeploymentPostprocessing = 0;
		};
		4B674F652FD7103700FC2A28 /* Frameworks */ = {
			isa = PBXFrameworksBuildPhase;
			buildActionMask = 2147483647;
			files = (
			);
			runOnlyForDeploymentPostprocessing = 0;
		};
/* End PBXFrameworksBuildPhase section */

/* Begin PBXGroup section */
		4B674F432FD7103600FC2A28 = {
			isa = PBXGroup;
			children = (
				4B674F4E2FD7103600FC2A28 /* GameShelfSwiftUi */,
				4B674F612FD7103700FC2A28 /* GameShelfSwiftUiTests */,
				4B674F6B2FD7103700FC2A28 /* GameShelfSwiftUiUITests */,
				4B674F4D2FD7103600FC2A28 /* Products */,
			);
			sourceTree = "<group>";
		};
		4B674F4D2FD7103600FC2A28 /* Products */ = {
			isa = PBXGroup;
			children = (
				4B674F4C2FD7103600FC2A28 /* GameShelfSwiftUi.app */,
				4B674F5E2FD7103700FC2A28 /* GameShelfSwiftUiTests.xctest */,
				4B674F682FD7103700FC2A28 /* GameShelfSwiftUiUITests.xctest */,
			);
			name = Products;
			sourceTree = "<group>";
		};
/* End PBXGroup section */

/* Begin PBXNativeTarget section */
		4B674F4B2FD7103600FC2A28 /* GameShelfSwiftUi */ = {
			isa = PBXNativeTarget;
			buildConfigurationList = 4B674F722FD7103700FC2A28 /* Build configuration list for PBXNativeTarget "GameShelfSwiftUi" */;
			buildPhases = (
				4B674F482FD7103600FC2A28 /* Sources */,
				4B674F492FD7103600FC2A28 /* Frameworks */,
				4B674F4A2FD7103600FC2A28 /* Resources */,
			);
			buildRules = (
			);
			dependencies = (
			);
			fileSystemSynchronizedGroups = (
				4B674F4E2FD7103600FC2A28 /* GameShelfSwiftUi */,
			);
			name = GameShelfSwiftUi;
			packageProductDependencies = (
				4B67500D2FD7A68800FC2A28 /* Alamofire */,
				4B67502B2FD880FA00FC2A28 /* GameShelfCore */,
				4B67502E2FD8810C00FC2A28 /* GameShelfData */,
				4B6750312FD8812600FC2A28 /* GameShelfHomeFeature */,
				4B6750342FD8813700FC2A28 /* GameShelfDetailFeature */,
				4B6750372FD8814800FC2A28 /* GameShelfFavoriteFeature */,
				4B67503A2FD8815F00FC2A28 /* GameShelfAboutFeature */,
				4B6750402FD8FBDC00FC2A28 /* GameShelfCommon */,
				4B67505D2FD9012200FC2A28 /* GameShelfCommon */,
			);
			productName = GameShelfSwiftUi;
			productReference = 4B674F4C2FD7103600FC2A28 /* GameShelfSwiftUi.app */;
			productType = "com.apple.product-type.application";
		};
		4B674F5D2FD7103700FC2A28 /* GameShelfSwiftUiTests */ = {
			isa = PBXNativeTarget;
			buildConfigurationList = 4B674F752FD7103700FC2A28 /* Build configuration list for PBXNativeTarget "GameShelfSwiftUiTests" */;
			buildPhases = (
				4B674F5A2FD7103700FC2A28 /* Sources */,
				4B674F5B2FD7103700FC2A28 /* Frameworks */,
				4B674F5C2FD7103700FC2A28 /* Resources */,
			);
			buildRules = (
			);
			dependencies = (
				4B674F602FD7103700FC2A28 /* PBXTargetDependency */,
			);
			fileSystemSynchronizedGroups = (
				4B674F612FD7103700FC2A28 /* GameShelfSwiftUiTests */,
			);
			name = GameShelfSwiftUiTests;
			packageProductDependencies = (
			);
			productName = GameShelfSwiftUiTests;
			productReference = 4B674F5E2FD7103700FC2A28 /* GameShelfSwiftUiTests.xctest */;
			productType = "com.apple.product-type.bundle.unit-test";
		};
		4B674F672FD7103700FC2A28 /* GameShelfSwiftUiUITests */ = {
			isa = PBXNativeTarget;
			buildConfigurationList = 4B674F782FD7103700FC2A28 /* Build configuration list for PBXNativeTarget "GameShelfSwiftUiUITests" */;
			buildPhases = (
				4B674F642FD7103700FC2A28 /* Sources */,
				4B674F652FD7103700FC2A28 /* Frameworks */,
				4B674F662FD7103700FC2A28 /* Resources */,
			);
			buildRules = (
			);
			dependencies = (
				4B674F6A2FD7103700FC2A28 /* PBXTargetDependency */,
			);
			fileSystemSynchronizedGroups = (
				4B674F6B2FD7103700FC2A28 /* GameShelfSwiftUiUITests */,
			);
			name = GameShelfSwiftUiUITests;
			packageProductDependencies = (
			);
			productName = GameShelfSwiftUiUITests;
			productReference = 4B674F682FD7103700FC2A28 /* GameShelfSwiftUiUITests.xctest */;
			productType = "com.apple.product-type.bundle.ui-testing";
		};
/* End PBXNativeTarget section */

/* Begin PBXProject section */
		4B674F442FD7103600FC2A28 /* Project object */ = {
			isa = PBXProject;
			attributes = {
				BuildIndependentTargetsInParallel = 1;
				LastSwiftUpdateCheck = 1610;
				LastUpgradeCheck = 1610;
				TargetAttributes = {
					4B674F4B2FD7103600FC2A28 = {
						CreatedOnToolsVersion = 16.1;
					};
					4B674F5D2FD7103700FC2A28 = {
						CreatedOnToolsVersion = 16.1;
						TestTargetID = 4B674F4B2FD7103600FC2A28;
					};
					4B674F672FD7103700FC2A28 = {
						CreatedOnToolsVersion = 16.1;
						TestTargetID = 4B674F4B2FD7103600FC2A28;
					};
				};
			};
			buildConfigurationList = 4B674F472FD7103600FC2A28 /* Build configuration list for PBXProject "GameShelfSwiftUi" */;
			developmentRegion = en;
			hasScannedForEncodings = 0;
			knownRegions = (
				en,
				Base,
			);
			mainGroup = 4B674F432FD7103600FC2A28;
			minimizedProjectReferenceProxies = 1;
			packageReferences = (
				4B67500C2FD7A68800FC2A28 /* XCRemoteSwiftPackageReference "Alamofire" */,
				4B67502A2FD880FA00FC2A28 /* XCLocalSwiftPackageReference "Modules/GameShelfCore" */,
				4B67502D2FD8810C00FC2A28 /* XCLocalSwiftPackageReference "Modules/GameShelfData" */,
				4B6750302FD8812600FC2A28 /* XCLocalSwiftPackageReference "Modules/GameShelfHomeFeature" */,
				4B6750332FD8813700FC2A28 /* XCLocalSwiftPackageReference "Modules/GameShelfDetailFeature" */,
				4B6750362FD8814800FC2A28 /* XCLocalSwiftPackageReference "Modules/GameShelfFavoriteFeature" */,
				4B6750392FD8815F00FC2A28 /* XCLocalSwiftPackageReference "Modules/GameShelfAboutFeature" */,
				4B67505C2FD9012200FC2A28 /* XCRemoteSwiftPackageReference "GameShelfCommon" */,
			);
			preferredProjectObjectVersion = 77;
			productRefGroup = 4B674F4D2FD7103600FC2A28 /* Products */;
			projectDirPath = "";
			projectRoot = "";
			targets = (
				4B674F4B2FD7103600FC2A28 /* GameShelfSwiftUi */,
				4B674F5D2FD7103700FC2A28 /* GameShelfSwiftUiTests */,
				4B674F672FD7103700FC2A28 /* GameShelfSwiftUiUITests */,
			);
		};
/* End PBXProject section */

/* Begin PBXResourcesBuildPhase section */
		4B674F4A2FD7103600FC2A28 /* Resources */ = {
			isa = PBXResourcesBuildPhase;
			buildActionMask = 2147483647;
			files = (
			);
			runOnlyForDeploymentPostprocessing = 0;
		};
		4B674F5C2FD7103700FC2A28 /* Resources */ = {
			isa = PBXResourcesBuildPhase;
			buildActionMask = 2147483647;
			files = (
			);
			runOnlyForDeploymentPostprocessing = 0;
		};
		4B674F662FD7103700FC2A28 /* Resources */ = {
			isa = PBXResourcesBuildPhase;
			buildActionMask = 2147483647;
			files = (
			);
			runOnlyForDeploymentPostprocessing = 0;
		};
/* End PBXResourcesBuildPhase section */

/* Begin PBXSourcesBuildPhase section */
		4B674F482FD7103600FC2A28 /* Sources */ = {
			isa = PBXSourcesBuildPhase;
			buildActionMask = 2147483647;
			files = (
			);
			runOnlyForDeploymentPostprocessing = 0;
		};
		4B674F5A2FD7103700FC2A28 /* Sources */ = {
			isa = PBXSourcesBuildPhase;
			buildActionMask = 2147483647;
			files = (
			);
			runOnlyForDeploymentPostprocessing = 0;
		};
		4B674F642FD7103700FC2A28 /* Sources */ = {
			isa = PBXSourcesBuildPhase;
			buildActionMask = 2147483647;
			files = (
			);
			runOnlyForDeploymentPostprocessing = 0;
		};
/* End PBXSourcesBuildPhase section */

/* Begin PBXTargetDependency section */
		4B674F602FD7103700FC2A28 /* PBXTargetDependency */ = {
			isa = PBXTargetDependency;
			target = 4B674F4B2FD7103600FC2A28 /* GameShelfSwiftUi */;
			targetProxy = 4B674F5F2FD7103700FC2A28 /* PBXContainerItemProxy */;
		};
		4B674F6A2FD7103700FC2A28 /* PBXTargetDependency */ = {
			isa = PBXTargetDependency;
			target = 4B674F4B2FD7103600FC2A28 /* GameShelfSwiftUi */;
			targetProxy = 4B674F692FD7103700FC2A28 /* PBXContainerItemProxy */;
		};
/* End PBXTargetDependency section */

/* Begin XCBuildConfiguration section */
		4B674F702FD7103700FC2A28 /* Debug */ = {
			isa = XCBuildConfiguration;
			buildSettings = {
				ALWAYS_SEARCH_USER_PATHS = NO;
				ASSETCATALOG_COMPILER_GENERATE_SWIFT_ASSET_SYMBOL_EXTENSIONS = YES;
				CLANG_ANALYZER_NONNULL = YES;
				CLANG_ANALYZER_NUMBER_OBJECT_CONVERSION = YES_AGGRESSIVE;
				CLANG_CXX_LANGUAGE_STANDARD = "gnu++20";
				CLANG_ENABLE_MODULES = YES;
				CLANG_ENABLE_OBJC_ARC = YES;
				CLANG_ENABLE_OBJC_WEAK = YES;
				CLANG_WARN_BLOCK_CAPTURE_AUTORELEASING = YES;
				CLANG_WARN_BOOL_CONVERSION = YES;
				CLANG_WARN_COMMA = YES;
				CLANG_WARN_CONSTANT_CONVERSION = YES;
				CLANG_WARN_DEPRECATED_OBJC_IMPLEMENTATIONS = YES;
				CLANG_WARN_DIRECT_OBJC_ISA_USAGE = YES_ERROR;
				CLANG_WARN_DOCUMENTATION_COMMENTS = YES;
				CLANG_WARN_EMPTY_BODY = YES;
				CLANG_WARN_ENUM_CONVERSION = YES;
				CLANG_WARN_INFINITE_RECURSION = YES;
				CLANG_WARN_INT_CONVERSION = YES;
				CLANG_WARN_NON_LITERAL_NULL_CONVERSION = YES;
				CLANG_WARN_OBJC_IMPLICIT_RETAIN_SELF = YES;
				CLANG_WARN_OBJC_LITERAL_CONVERSION = YES;
				CLANG_WARN_OBJC_ROOT_CLASS = YES_ERROR;
				CLANG_WARN_QUOTED_INCLUDE_IN_FRAMEWORK_HEADER = YES;
				CLANG_WARN_RANGE_LOOP_ANALYSIS = YES;
				CLANG_WARN_STRICT_PROTOTYPES = YES;
				CLANG_WARN_SUSPICIOUS_MOVE = YES;
				CLANG_WARN_UNGUARDED_AVAILABILITY = YES_AGGRESSIVE;
				CLANG_WARN_UNREACHABLE_CODE = YES;
				CLANG_WARN__DUPLICATE_METHOD_MATCH = YES;
				COPY_PHASE_STRIP = NO;
				DEBUG_INFORMATION_FORMAT = dwarf;
				ENABLE_STRICT_OBJC_MSGSEND = YES;
				ENABLE_TESTABILITY = YES;
				ENABLE_USER_SCRIPT_SANDBOXING = YES;
				GCC_C_LANGUAGE_STANDARD = gnu17;
				GCC_DYNAMIC_NO_PIC = NO;
				GCC_NO_COMMON_BLOCKS = YES;
				GCC_OPTIMIZATION_LEVEL = 0;
				GCC_PREPROCESSOR_DEFINITIONS = (
					"DEBUG=1",
					"$(inherited)",
				);
				GCC_WARN_64_TO_32_BIT_CONVERSION = YES;
				GCC_WARN_ABOUT_RETURN_TYPE = YES_ERROR;
				GCC_WARN_UNDECLARED_SELECTOR = YES;
				GCC_WARN_UNINITIALIZED_AUTOS = YES_AGGRESSIVE;
				GCC_WARN_UNUSED_FUNCTION = YES;
				GCC_WARN_UNUSED_VARIABLE = YES;
				IPHONEOS_DEPLOYMENT_TARGET = 18.1;
				LOCALIZATION_PREFERS_STRING_CATALOGS = YES;
				MTL_ENABLE_DEBUG_INFO = INCLUDE_SOURCE;
				MTL_FAST_MATH = YES;
				ONLY_ACTIVE_ARCH = YES;
				SDKROOT = iphoneos;
				SWIFT_ACTIVE_COMPILATION_CONDITIONS = "DEBUG $(inherited)";
				SWIFT_OPTIMIZATION_LEVEL = "-Onone";
			};
			name = Debug;
		};
		4B674F712FD7103700FC2A28 /* Release */ = {
			isa = XCBuildConfiguration;
			buildSettings = {
				ALWAYS_SEARCH_USER_PATHS = NO;
				ASSETCATALOG_COMPILER_GENERATE_SWIFT_ASSET_SYMBOL_EXTENSIONS = YES;
				CLANG_ANALYZER_NONNULL = YES;
				CLANG_ANALYZER_NUMBER_OBJECT_CONVERSION = YES_AGGRESSIVE;
				CLANG_CXX_LANGUAGE_STANDARD = "gnu++20";
				CLANG_ENABLE_MODULES = YES;
				CLANG_ENABLE_OBJC_ARC = YES;
				CLANG_ENABLE_OBJC_WEAK = YES;
				CLANG_WARN_BLOCK_CAPTURE_AUTORELEASING = YES;
				CLANG_WARN_BOOL_CONVERSION = YES;
				CLANG_WARN_COMMA = YES;
				CLANG_WARN_CONSTANT_CONVERSION = YES;
				CLANG_WARN_DEPRECATED_OBJC_IMPLEMENTATIONS = YES;
				CLANG_WARN_DIRECT_OBJC_ISA_USAGE = YES_ERROR;
				CLANG_WARN_DOCUMENTATION_COMMENTS = YES;
				CLANG_WARN_EMPTY_BODY = YES;
				CLANG_WARN_ENUM_CONVERSION = YES;
				CLANG_WARN_INFINITE_RECURSION = YES;
				CLANG_WARN_INT_CONVERSION = YES;
				CLANG_WARN_NON_LITERAL_NULL_CONVERSION = YES;
				CLANG_WARN_OBJC_IMPLICIT_RETAIN_SELF = YES;
				CLANG_WARN_OBJC_LITERAL_CONVERSION = YES;
				CLANG_WARN_OBJC_ROOT_CLASS = YES_ERROR;
				CLANG_WARN_QUOTED_INCLUDE_IN_FRAMEWORK_HEADER = YES;
				CLANG_WARN_RANGE_LOOP_ANALYSIS = YES;
				CLANG_WARN_STRICT_PROTOTYPES = YES;
				CLANG_WARN_SUSPICIOUS_MOVE = YES;
				CLANG_WARN_UNGUARDED_AVAILABILITY = YES_AGGRESSIVE;
				CLANG_WARN_UNREACHABLE_CODE = YES;
				CLANG_WARN__DUPLICATE_METHOD_MATCH = YES;
				COPY_PHASE_STRIP = NO;
				DEBUG_INFORMATION_FORMAT = "dwarf-with-dsym";
				ENABLE_NS_ASSERTIONS = NO;
				ENABLE_STRICT_OBJC_MSGSEND = YES;
				ENABLE_USER_SCRIPT_SANDBOXING = YES;
				GCC_C_LANGUAGE_STANDARD = gnu17;
				GCC_NO_COMMON_BLOCKS = YES;
				GCC_WARN_64_TO_32_BIT_CONVERSION = YES;
				GCC_WARN_ABOUT_RETURN_TYPE = YES_ERROR;
				GCC_WARN_UNDECLARED_SELECTOR = YES;
				GCC_WARN_UNINITIALIZED_AUTOS = YES_AGGRESSIVE;
				GCC_WARN_UNUSED_FUNCTION = YES;
				GCC_WARN_UNUSED_VARIABLE = YES;
				IPHONEOS_DEPLOYMENT_TARGET = 18.1;
				LOCALIZATION_PREFERS_STRING_CATALOGS = YES;
				MTL_ENABLE_DEBUG_INFO = NO;
				MTL_FAST_MATH = YES;
				SDKROOT = iphoneos;
				SWIFT_COMPILATION_MODE = wholemodule;
				VALIDATE_PRODUCT = YES;
			};
			name = Release;
		};
		4B674F732FD7103700FC2A28 /* Debug */ = {
			isa = XCBuildConfiguration;
			buildSettings = {
				ASSETCATALOG_COMPILER_APPICON_NAME = AppIcon;
				ASSETCATALOG_COMPILER_GLOBAL_ACCENT_COLOR_NAME = AccentColor;
				CODE_SIGN_STYLE = Automatic;
				CURRENT_PROJECT_VERSION = 1;
				DEVELOPMENT_ASSET_PATHS = "\"GameShelfSwiftUi/Preview Content\"";
				DEVELOPMENT_TEAM = JWQJ9K4Y7R;
				ENABLE_PREVIEWS = YES;
				GENERATE_INFOPLIST_FILE = YES;
				INFOPLIST_KEY_UIApplicationSceneManifest_Generation = YES;
				INFOPLIST_KEY_UIApplicationSupportsIndirectInputEvents = YES;
				INFOPLIST_KEY_UILaunchScreen_Generation = YES;
				INFOPLIST_KEY_UISupportedInterfaceOrientations_iPad = "UIInterfaceOrientationPortrait UIInterfaceOrientationPortraitUpsideDown UIInterfaceOrientationLandscapeLeft UIInterfaceOrientationLandscapeRight";
				INFOPLIST_KEY_UISupportedInterfaceOrientations_iPhone = "UIInterfaceOrientationPortrait UIInterfaceOrientationLandscapeLeft UIInterfaceOrientationLandscapeRight";
				LD_RUNPATH_SEARCH_PATHS = (
					"$(inherited)",
					"@executable_path/Frameworks",
				);
				MARKETING_VERSION = 1.0;
				PRODUCT_BUNDLE_IDENTIFIER = jeryl.developer.GameShelfSwiftUi;
				PRODUCT_NAME = "$(TARGET_NAME)";
				SWIFT_EMIT_LOC_STRINGS = YES;
				SWIFT_VERSION = 5.0;
				TARGETED_DEVICE_FAMILY = "1,2";
			};
			name = Debug;
		};
		4B674F742FD7103700FC2A28 /* Release */ = {
			isa = XCBuildConfiguration;
			buildSettings = {
				ASSETCATALOG_COMPILER_APPICON_NAME = AppIcon;
				ASSETCATALOG_COMPILER_GLOBAL_ACCENT_COLOR_NAME = AccentColor;
				CODE_SIGN_STYLE = Automatic;
				CURRENT_PROJECT_VERSION = 1;
				DEVELOPMENT_ASSET_PATHS = "\"GameShelfSwiftUi/Preview Content\"";
				DEVELOPMENT_TEAM = JWQJ9K4Y7R;
				ENABLE_PREVIEWS = YES;
				GENERATE_INFOPLIST_FILE = YES;
				INFOPLIST_KEY_UIApplicationSceneManifest_Generation = YES;
				INFOPLIST_KEY_UIApplicationSupportsIndirectInputEvents = YES;
				INFOPLIST_KEY_UILaunchScreen_Generation = YES;
				INFOPLIST_KEY_UISupportedInterfaceOrientations_iPad = "UIInterfaceOrientationPortrait UIInterfaceOrientationPortraitUpsideDown UIInterfaceOrientationLandscapeLeft UIInterfaceOrientationLandscapeRight";
				INFOPLIST_KEY_UISupportedInterfaceOrientations_iPhone = "UIInterfaceOrientationPortrait UIInterfaceOrientationLandscapeLeft UIInterfaceOrientationLandscapeRight";
				LD_RUNPATH_SEARCH_PATHS = (
					"$(inherited)",
					"@executable_path/Frameworks",
				);
				MARKETING_VERSION = 1.0;
				PRODUCT_BUNDLE_IDENTIFIER = jeryl.developer.GameShelfSwiftUi;
				PRODUCT_NAME = "$(TARGET_NAME)";
				SWIFT_EMIT_LOC_STRINGS = YES;
				SWIFT_VERSION = 5.0;
				TARGETED_DEVICE_FAMILY = "1,2";
			};
			name = Release;
		};
		4B674F762FD7103700FC2A28 /* Debug */ = {
			isa = XCBuildConfiguration;
			buildSettings = {
				BUNDLE_LOADER = "$(TEST_HOST)";
				CODE_SIGN_STYLE = Automatic;
				CURRENT_PROJECT_VERSION = 1;
				DEVELOPMENT_TEAM = JWQJ9K4Y7R;
				GENERATE_INFOPLIST_FILE = YES;
				IPHONEOS_DEPLOYMENT_TARGET = 18.1;
				MARKETING_VERSION = 1.0;
				PRODUCT_BUNDLE_IDENTIFIER = jeryl.developer.GameShelfSwiftUiTests;
				PRODUCT_NAME = "$(TARGET_NAME)";
				SWIFT_EMIT_LOC_STRINGS = NO;
				SWIFT_VERSION = 5.0;
				TARGETED_DEVICE_FAMILY = "1,2";
				TEST_HOST = "$(BUILT_PRODUCTS_DIR)/GameShelfSwiftUi.app/$(BUNDLE_EXECUTABLE_FOLDER_PATH)/GameShelfSwiftUi";
			};
			name = Debug;
		};
		4B674F772FD7103700FC2A28 /* Release */ = {
			isa = XCBuildConfiguration;
			buildSettings = {
				BUNDLE_LOADER = "$(TEST_HOST)";
				CODE_SIGN_STYLE = Automatic;
				CURRENT_PROJECT_VERSION = 1;
				DEVELOPMENT_TEAM = JWQJ9K4Y7R;
				GENERATE_INFOPLIST_FILE = YES;
				IPHONEOS_DEPLOYMENT_TARGET = 18.1;
				MARKETING_VERSION = 1.0;
				PRODUCT_BUNDLE_IDENTIFIER = jeryl.developer.GameShelfSwiftUiTests;
				PRODUCT_NAME = "$(TARGET_NAME)";
				SWIFT_EMIT_LOC_STRINGS = NO;
				SWIFT_VERSION = 5.0;
				TARGETED_DEVICE_FAMILY = "1,2";
				TEST_HOST = "$(BUILT_PRODUCTS_DIR)/GameShelfSwiftUi.app/$(BUNDLE_EXECUTABLE_FOLDER_PATH)/GameShelfSwiftUi";
			};
			name = Release;
		};
		4B674F792FD7103700FC2A28 /* Debug */ = {
			isa = XCBuildConfiguration;
			buildSettings = {
				CODE_SIGN_STYLE = Automatic;
				CURRENT_PROJECT_VERSION = 1;
				DEVELOPMENT_TEAM = JWQJ9K4Y7R;
				GENERATE_INFOPLIST_FILE = YES;
				MARKETING_VERSION = 1.0;
				PRODUCT_BUNDLE_IDENTIFIER = jeryl.developer.GameShelfSwiftUiUITests;
				PRODUCT_NAME = "$(TARGET_NAME)";
				SWIFT_EMIT_LOC_STRINGS = NO;
				SWIFT_VERSION = 5.0;
				TARGETED_DEVICE_FAMILY = "1,2";
				TEST_TARGET_NAME = GameShelfSwiftUi;
			};
			name = Debug;
		};
		4B674F7A2FD7103700FC2A28 /* Release */ = {
			isa = XCBuildConfiguration;
			buildSettings = {
				CODE_SIGN_STYLE = Automatic;
				CURRENT_PROJECT_VERSION = 1;
				DEVELOPMENT_TEAM = JWQJ9K4Y7R;
				GENERATE_INFOPLIST_FILE = YES;
				MARKETING_VERSION = 1.0;
				PRODUCT_BUNDLE_IDENTIFIER = jeryl.developer.GameShelfSwiftUiUITests;
				PRODUCT_NAME = "$(TARGET_NAME)";
				SWIFT_EMIT_LOC_STRINGS = NO;
				SWIFT_VERSION = 5.0;
				TARGETED_DEVICE_FAMILY = "1,2";
				TEST_TARGET_NAME = GameShelfSwiftUi;
			};
			name = Release;
		};
/* End XCBuildConfiguration section */

/* Begin XCConfigurationList section */
		4B674F472FD7103600FC2A28 /* Build configuration list for PBXProject "GameShelfSwiftUi" */ = {
			isa = XCConfigurationList;
			buildConfigurations = (
				4B674F702FD7103700FC2A28 /* Debug */,
				4B674F712FD7103700FC2A28 /* Release */,
			);
			defaultConfigurationIsVisible = 0;
			defaultConfigurationName = Release;
		};
		4B674F722FD7103700FC2A28 /* Build configuration list for PBXNativeTarget "GameShelfSwiftUi" */ = {
			isa = XCConfigurationList;
			buildConfigurations = (
				4B674F732FD7103700FC2A28 /* Debug */,
				4B674F742FD7103700FC2A28 /* Release */,
			);
			defaultConfigurationIsVisible = 0;
			defaultConfigurationName = Release;
		};
		4B674F752FD7103700FC2A28 /* Build configuration list for PBXNativeTarget "GameShelfSwiftUiTests" */ = {
			isa = XCConfigurationList;
			buildConfigurations = (
				4B674F762FD7103700FC2A28 /* Debug */,
				4B674F772FD7103700FC2A28 /* Release */,
			);
			defaultConfigurationIsVisible = 0;
			defaultConfigurationName = Release;
		};
		4B674F782FD7103700FC2A28 /* Build configuration list for PBXNativeTarget "GameShelfSwiftUiUITests" */ = {
			isa = XCConfigurationList;
			buildConfigurations = (
				4B674F792FD7103700FC2A28 /* Debug */,
				4B674F7A2FD7103700FC2A28 /* Release */,
			);
			defaultConfigurationIsVisible = 0;
			defaultConfigurationName = Release;
		};
/* End XCConfigurationList section */

/* Begin XCLocalSwiftPackageReference section */
		4B67502A2FD880FA00FC2A28 /* XCLocalSwiftPackageReference "Modules/GameShelfCore" */ = {
			isa = XCLocalSwiftPackageReference;
			relativePath = Modules/GameShelfCore;
		};
		4B67502D2FD8810C00FC2A28 /* XCLocalSwiftPackageReference "Modules/GameShelfData" */ = {
			isa = XCLocalSwiftPackageReference;
			relativePath = Modules/GameShelfData;
		};
		4B6750302FD8812600FC2A28 /* XCLocalSwiftPackageReference "Modules/GameShelfHomeFeature" */ = {
			isa = XCLocalSwiftPackageReference;
			relativePath = Modules/GameShelfHomeFeature;
		};
		4B6750332FD8813700FC2A28 /* XCLocalSwiftPackageReference "Modules/GameShelfDetailFeature" */ = {
			isa = XCLocalSwiftPackageReference;
			relativePath = Modules/GameShelfDetailFeature;
		};
		4B6750362FD8814800FC2A28 /* XCLocalSwiftPackageReference "Modules/GameShelfFavoriteFeature" */ = {
			isa = XCLocalSwiftPackageReference;
			relativePath = Modules/GameShelfFavoriteFeature;
		};
		4B6750392FD8815F00FC2A28 /* XCLocalSwiftPackageReference "Modules/GameShelfAboutFeature" */ = {
			isa = XCLocalSwiftPackageReference;
			relativePath = Modules/GameShelfAboutFeature;
		};
/* End XCLocalSwiftPackageReference section */

/* Begin XCRemoteSwiftPackageReference section */
		4B67500C2FD7A68800FC2A28 /* XCRemoteSwiftPackageReference "Alamofire" */ = {
			isa = XCRemoteSwiftPackageReference;
			repositoryURL = "https://github.com/Alamofire/Alamofire.git";
			requirement = {
				kind = upToNextMajorVersion;
				minimumVersion = 5.12.0;
			};
		};
		4B67505C2FD9012200FC2A28 /* XCRemoteSwiftPackageReference "GameShelfCommon" */ = {
			isa = XCRemoteSwiftPackageReference;
			repositoryURL = "https://github.com/jeryllaboratory/GameShelfCommon.git";
			requirement = {
				kind = upToNextMajorVersion;
				minimumVersion = 1.0.1;
			};
		};
/* End XCRemoteSwiftPackageReference section */

/* Begin XCSwiftPackageProductDependency section */
		4B67500D2FD7A68800FC2A28 /* Alamofire */ = {
			isa = XCSwiftPackageProductDependency;
			package = 4B67500C2FD7A68800FC2A28 /* XCRemoteSwiftPackageReference "Alamofire" */;
			productName = Alamofire;
		};
		4B67502B2FD880FA00FC2A28 /* GameShelfCore */ = {
			isa = XCSwiftPackageProductDependency;
			productName = GameShelfCore;
		};
		4B67502E2FD8810C00FC2A28 /* GameShelfData */ = {
			isa = XCSwiftPackageProductDependency;
			productName = GameShelfData;
		};
		4B6750312FD8812600FC2A28 /* GameShelfHomeFeature */ = {
			isa = XCSwiftPackageProductDependency;
			productName = GameShelfHomeFeature;
		};
		4B6750342FD8813700FC2A28 /* GameShelfDetailFeature */ = {
			isa = XCSwiftPackageProductDependency;
			productName = GameShelfDetailFeature;
		};
		4B6750372FD8814800FC2A28 /* GameShelfFavoriteFeature */ = {
			isa = XCSwiftPackageProductDependency;
			productName = GameShelfFavoriteFeature;
		};
		4B67503A2FD8815F00FC2A28 /* GameShelfAboutFeature */ = {
			isa = XCSwiftPackageProductDependency;
			productName = GameShelfAboutFeature;
		};
		4B6750402FD8FBDC00FC2A28 /* GameShelfCommon */ = {
			isa = XCSwiftPackageProductDependency;
			productName = GameShelfCommon;
		};
		4B67505D2FD9012200FC2A28 /* GameShelfCommon */ = {
			isa = XCSwiftPackageProductDependency;
			package = 4B67505C2FD9012200FC2A28 /* XCRemoteSwiftPackageReference "GameShelfCommon" */;
			productName = GameShelfCommon;
		};
/* End XCSwiftPackageProductDependency section */
	};
	rootObject = 4B674F442FD7103600FC2A28 /* Project object */;
}
